
Microsoft Visual Studio Solution File, Format Version 12.00
# Visual Studio 15
VisualStudioVersion = 15.0.27428.2015
MinimumVisualStudioVersion = 10.0.40219.1
Project("{FAE04EC0-301F-11D3-BF4B-00C04F79EFBC}") = "TwinSouls", "TwinSouls\TwinSouls.csproj", "{A96201CB-2E38-47DE-9AEB-2AD2CD2E9F61}"
EndProject
Global
	GlobalSection(SolutionConfigurationPlatforms) = preSolution
		Debug|Any CPU = Debug|Any CPU
		Release|Any CPU = Release|Any CPU
	EndGlobalSection
	GlobalSection(ProjectConfigurationPlatforms) = postSolution
		{A96201CB-2E38-47DE-9AEB-2AD2CD2E9F61}.Debug|Any CPU.ActiveCfg = Debug|Any CPU
		{A96201CB-2E38-47DE-9AEB-2AD2CD2E9F61}.Debug|Any CPU.Build.0 = Debug|Any CPU
		{A96201CB-2E38-47DE-9AEB-2AD2CD2E9F61}.Release|Any CPU.ActiveCfg = Release|Any CPU
		{A96201CB-2E38-47DE-9AEB-2AD2CD2E9F61}.Release|Any CPU.Build.0 = Release|Any CPU
	EndGlobalSection
	GlobalSection(SolutionProperties) = preSolution
		HideSolutionNode = FALSE
	EndGlobalSection
	GlobalSection(ExtensibilityGlobals) = postSolution
		SolutionGuid = {455902BC-D304-4720-8FA7-7BF3421B098C}
	EndGlobalSection
EndGlobal
